dependencies:
- name: replicated
  repository: oci://registry.replicated.com/library
  version: 1.2.0
- name: postgresql
  repository: oci://registry-1.docker.io/bitnamicharts
  version: 16.6.0
- name: common
  repository: oci://registry-1.docker.io/bitnamicharts
  version: 2.30.0
digest: sha256:96fe62b4eae897c3f84633cf47f81ad5d6eadbf1480290f67d68bf18d0331ed3
generated: "2025-03-28T15:26:20.108024-04:00"
