dependencies:
- name: replicated
  repository: oci://registry.replicated.com/library
  version: 1.0.0-beta.32
- name: postgresql
  repository: oci://registry-1.docker.io/bitnamicharts
  version: 16.5.6
- name: common
  repository: oci://registry-1.docker.io/bitnamicharts
  version: 2.30.0
digest: sha256:567454c357c8c6891348d1064d6051242f77189d700c384917f137ff3cae963f
generated: "2025-03-26T09:35:30.56989-04:00"
