dependencies:
- name: replicated
  repository: oci://registry.replicated.com/library
  version: 1.2.0
- name: postgresql
  repository: oci://registry-1.docker.io/bitnamicharts
  version: 16.5.6
- name: common
  repository: oci://registry-1.docker.io/bitnamicharts
  version: 2.30.0
digest: sha256:ede6ff582713d7982a63b72690021f6d966ce035ccc7defd9dca98de5511635f
generated: "2025-03-27T07:06:44.734647-04:00"
